{
  "name": "intterperter",
  "version": "1.0.0",
  "lockfileVersion": 3,
  "requires": true,
  "packages": {
    "": {
      "name": "intterperter",
      "version": "1.0.0",
      "license": "ISC",
      "dependencies": {
        "@huggingface/inference": "^2.5.1"
      }
    },
    "node_modules/@huggingface/inference": {
      "version": "2.5.1",
      "resolved": "https://registry.npmjs.org/@huggingface/inference/-/inference-2.5.1.tgz",
      "integrity": "sha512-5Jx+cwRYrGtvN/27VJbzEcjFlFR7ixd+jNC/hbjcRDSZ3QteEUVKwMCgXplwjWkQbvoeWik+reR2m5fAWUvvpw==",
      "engines": {
        "node": ">=18"
      }
    }
  }
}
